
Microsoft Visual Studio Solution File, Format Version 12.00
# Visual Studio Version 17
VisualStudioVersion = 17.0.32014.148
MinimumVisualStudioVersion = 10.0.40219.1
Project("{9A19103F-16F7-4668-BE54-9A1E7A4F7556}") = "TestLoader", "TestLoader\TestLoader.csproj", "{BD1E15A2-73F7-4E94-94BF-C7A65FC5D085}"
EndProject
Project("{9A19103F-16F7-4668-BE54-9A1E7A4F7556}") = "MCCDAQ_wrapper", "MCCDAQ\MCCDAQ_wrapper.csproj", "{7DF801C4-A21D-432F-A8BD-B44610E483F6}"
EndProject
Global
	GlobalSection(SolutionConfigurationPlatforms) = preSolution
		Debug|Any CPU = Debug|Any CPU
		Release|Any CPU = Release|Any CPU
	EndGlobalSection
	GlobalSection(ProjectConfigurationPlatforms) = postSolution
		{BD1E15A2-73F7-4E94-94BF-C7A65FC5D085}.Debug|Any CPU.ActiveCfg = Debug|Any CPU
		{BD1E15A2-73F7-4E94-94BF-C7A65FC5D085}.Debug|Any CPU.Build.0 = Debug|Any CPU
		{BD1E15A2-73F7-4E94-94BF-C7A65FC5D085}.Release|Any CPU.ActiveCfg = Release|Any CPU
		{BD1E15A2-73F7-4E94-94BF-C7A65FC5D085}.Release|Any CPU.Build.0 = Release|Any CPU
		{7DF801C4-A21D-432F-A8BD-B44610E483F6}.Debug|Any CPU.ActiveCfg = Debug|Any CPU
		{7DF801C4-A21D-432F-A8BD-B44610E483F6}.Debug|Any CPU.Build.0 = Debug|Any CPU
		{7DF801C4-A21D-432F-A8BD-B44610E483F6}.Release|Any CPU.ActiveCfg = Release|Any CPU
		{7DF801C4-A21D-432F-A8BD-B44610E483F6}.Release|Any CPU.Build.0 = Release|Any CPU
	EndGlobalSection
	GlobalSection(SolutionProperties) = preSolution
		HideSolutionNode = FALSE
	EndGlobalSection
	GlobalSection(ExtensibilityGlobals) = postSolution
		SolutionGuid = {7531E48C-E43C-4FE0-BA5A-B9214CB014AB}
	EndGlobalSection
EndGlobal
